
Microsoft Visual Studio Solution File, Format Version 12.00
# Visual Studio Version 17
VisualStudioVersion = 17.1.32319.34
MinimumVisualStudioVersion = 10.0.40219.1
Project("{FAE04EC0-301F-11D3-BF4B-00C04F79EFBC}") = "ucakotomasyon", "ucakotomasyon\ucakotomasyon.csproj", "{CF372165-E67C-4A65-908E-7B4110C051DC}"
EndProject
Global
	GlobalSection(SolutionConfigurationPlatforms) = preSolution
		Debug|Any CPU = Debug|Any CPU
		Release|Any CPU = Release|Any CPU
	EndGlobalSection
	GlobalSection(ProjectConfigurationPlatforms) = postSolution
		{CF372165-E67C-4A65-908E-7B4110C051DC}.Debug|Any CPU.ActiveCfg = Debug|Any CPU
		{CF372165-E67C-4A65-908E-7B4110C051DC}.Debug|Any CPU.Build.0 = Debug|Any CPU
		{CF372165-E67C-4A65-908E-7B4110C051DC}.Release|Any CPU.ActiveCfg = Release|Any CPU
		{CF372165-E67C-4A65-908E-7B4110C051DC}.Release|Any CPU.Build.0 = Release|Any CPU
	EndGlobalSection
	GlobalSection(SolutionProperties) = preSolution
		HideSolutionNode = FALSE
	EndGlobalSection
	GlobalSection(ExtensibilityGlobals) = postSolution
		SolutionGuid = {6E96C8BE-2CD5-4BB3-BF5E-64CE0A056298}
	EndGlobalSection
EndGlobal
